GEM
  remote: https://rubygems.org/
  specs:
    actioncable (8.0.4)
      actionpack (= 8.0.4)
      activesupport (= 8.0.4)
      nio4r (~> 2.0)
      websocket-driver (>= 0.6.1)
      zeitwerk (~> 2.6)
    actionmailbox (8.0.4)
      actionpack (= 8.0.4)
      activejob (= 8.0.4)
      activerecord (= 8.0.4)
      activestorage (= 8.0.4)
      activesupport (= 8.0.4)
      mail (>= 2.8.0)
    actionmailer (8.0.4)
      actionpack (= 8.0.4)
      actionview (= 8.0.4)
      activejob (= 8.0.4)
      activesupport (= 8.0.4)
      mail (>= 2.8.0)
      rails-dom-testing (~> 2.2)
    actionpack (8.0.4)
      actionview (= 8.0.4)
      activesupport (= 8.0.4)
      nokogiri (>= 1.8.5)
      rack (>= 2.2.4)
      rack-session (>= 1.0.1)
      rack-test (>= 0.6.3)
      rails-dom-testing (~> 2.2)
      rails-html-sanitizer (~> 1.6)
      useragent (~> 0.16)
    actiontext (8.0.4)
      actionpack (= 8.0.4)
      activerecord (= 8.0.4)
      activestorage (= 8.0.4)
      activesupport (= 8.0.4)
      globalid (>= 0.6.0)
      nokogiri (>= 1.8.5)
    actionview (8.0.4)
      activesupport (= 8.0.4)
      builder (~> 3.1)
      erubi (~> 1.11)
      rails-dom-testing (~> 2.2)
      rails-html-sanitizer (~> 1.6)
    activejob (8.0.4)
      activesupport (= 8.0.4)
      globalid (>= 0.3.6)
    activemodel (8.0.4)
      activesupport (= 8.0.4)
    activerecord (8.0.4)
      activemodel (= 8.0.4)
      activesupport (= 8.0.4)
      timeout (>= 0.4.0)
    activestorage (8.0.4)
      actionpack (= 8.0.4)
      activejob (= 8.0.4)
      activerecord (= 8.0.4)
      activesupport (= 8.0.4)
      marcel (~> 1.0)
    activesupport (8.0.4)
      base64
      benchmark (>= 0.3)
      bigdecimal
      concurrent-ruby (~> 1.0, >= 1.3.1)
      connection_pool (>= 2.2.5)
      drb
      i18n (>= 1.6, < 2)
      logger (>= 1.4.2)
      minitest (>= 5.1)
      securerandom (>= 0.3)
      tzinfo (~> 2.0, >= 2.0.5)
      uri (>= 0.13.1)
    addressable (2.8.8)
      public_suffix (>= 2.0.2, < 8.0)
    airbrussh (1.6.0)
      sshkit (>= 1.6.1, != 1.7.0)
    arclight (1.6.2)
      blacklight (>= 8.0.0, < 9)
      gretel
      rails (>= 7.1, < 9)
      traject (~> 3.0)
      traject_plus (~> 2.0)
    ast (2.4.3)
    base64 (0.3.0)
    bcrypt (3.1.20)
    bcrypt_pbkdf (1.1.2)
    benchmark (0.5.0)
    bigdecimal (4.0.1)
    bindex (0.8.1)
    blacklight (8.12.3)
      globalid
      i18n (>= 1.7.0)
      jbuilder (~> 2.7)
      kaminari (>= 0.15)
      ostruct (>= 0.3.2)
      rails (>= 6.1, < 9)
      view_component (>= 2.74, < 5)
      zeitwerk
    blacklight_dynamic_sitemap (1.0.0)
      blacklight (> 7.0)
      rails
    bootsnap (1.19.0)
      msgpack (~> 1.2)
    bot_challenge_page (0.4.0)
      http (~> 5.2)
      rack-attack (~> 6.7)
      rails (>= 7.1, < 8.1)
    builder (3.3.0)
    capistrano (3.20.0)
      airbrussh (>= 1.0.0)
      i18n
      rake (>= 10.0.0)
      sshkit (>= 1.9.0)
    capistrano-bundler (2.2.0)
      capistrano (~> 3.1)
    capistrano-one_time_key (0.2.0)
      capistrano (~> 3.0)
    capistrano-passenger (0.2.1)
      capistrano (~> 3.0)
    capistrano-rails (1.7.0)
      capistrano (~> 3.1)
      capistrano-bundler (>= 1.1, < 3)
    capistrano-shared_configs (0.2.2)
    capybara (3.40.0)
      addressable
      matrix
      mini_mime (>= 0.1.3)
      nokogiri (~> 1.11)
      rack (>= 1.6.0)
      rack-test (>= 0.6.3)
      regexp_parser (>= 1.5, < 3.0)
      xpath (~> 3.2)
    concurrent-ruby (1.3.6)
    connection_pool (2.5.5)
    crack (1.0.1)
      bigdecimal
      rexml
    crass (1.0.6)
    cssbundling-rails (1.4.3)
      railties (>= 6.0.0)
    csv (3.3.5)
    date (3.5.1)
    debug (1.11.1)
      irb (~> 1.10)
      reline (>= 0.3.8)
    deprecation (1.1.0)
      activesupport
    devise (4.9.4)
      bcrypt (~> 3.0)
      orm_adapter (~> 0.1)
      railties (>= 4.1.0)
      responders
      warden (~> 1.2.3)
    devise-guests (0.8.3)
      devise
    diff-lcs (1.6.2)
    dlss-capistrano (6.0.0)
      bcrypt_pbkdf
      capistrano (~> 3.0)
      capistrano-one_time_key (>= 0.2.0)
      capistrano-shared_configs
      ed25519
    domain_name (0.6.20240107)
    dot-properties (0.1.4)
      bundler (>= 2.2.33)
    drb (2.2.3)
    ed25519 (1.4.0)
    erb (6.0.1)
    erubi (1.13.1)
    faraday (2.14.0)
      faraday-net_http (>= 2.0, < 3.5)
      json
      logger
    faraday-follow_redirects (0.4.0)
      faraday (>= 1, < 3)
    faraday-net_http (3.4.2)
      net-http (~> 0.5)
    ffi (1.17.2-aarch64-linux-gnu)
    ffi (1.17.2-aarch64-linux-musl)
    ffi (1.17.2-arm-linux-gnu)
    ffi (1.17.2-arm-linux-musl)
    ffi (1.17.2-arm64-darwin)
    ffi (1.17.2-x86_64-linux-gnu)
    ffi (1.17.2-x86_64-linux-musl)
    ffi-compiler (1.3.2)
      ffi (>= 1.15.5)
      rake
    globalid (1.3.0)
      activesupport (>= 6.1)
    gretel (5.1.0)
      actionview (>= 6.1)
      railties (>= 6.1)
    hashdiff (1.2.1)
    hashie (5.0.0)
    honeybadger (5.29.1)
      logger
      ostruct
    http (5.3.1)
      addressable (~> 2.8)
      http-cookie (~> 1.0)
      http-form_data (~> 2.2)
      llhttp-ffi (~> 0.5.0)
    http-cookie (1.1.0)
      domain_name (~> 0.5)
    http-form_data (2.3.0)
    httpclient (2.9.0)
      mutex_m
    i18n (1.14.8)
      concurrent-ruby (~> 1.0)
    importmap-rails (2.2.2)
      actionpack (>= 6.0.0)
      activesupport (>= 6.0.0)
      railties (>= 6.0.0)
    io-console (0.8.2)
    irb (1.16.0)
      pp (>= 0.6.0)
      rdoc (>= 4.0.0)
      reline (>= 0.4.2)
    jbuilder (2.14.1)
      actionview (>= 7.0.0)
      activesupport (>= 7.0.0)
    json (2.18.0)
    jsonpath (1.1.5)
      multi_json
    kaminari (1.2.2)
      activesupport (>= 4.1.0)
      kaminari-actionview (= 1.2.2)
      kaminari-activerecord (= 1.2.2)
      kaminari-core (= 1.2.2)
    kaminari-actionview (1.2.2)
      actionview
      kaminari-core (= 1.2.2)
    kaminari-activerecord (1.2.2)
      activerecord
      kaminari-core (= 1.2.2)
    kaminari-core (1.2.2)
    language_server-protocol (3.17.0.5)
    lint_roller (1.1.0)
    llhttp-ffi (0.5.1)
      ffi-compiler (~> 1.0)
      rake (~> 13.0)
    logger (1.7.0)
    loofah (2.25.0)
      crass (~> 1.0.2)
      nokogiri (>= 1.12.0)
    mail (2.9.0)
      logger
      mini_mime (>= 0.1.1)
      net-imap
      net-pop
      net-smtp
    marc (1.3.0)
      nokogiri (~> 1.0)
      rexml
    marc-fastxmlwriter (1.1.0)
      marc (~> 1.0)
    marcel (1.1.0)
    matrix (0.4.3)
    mini_mime (1.1.5)
    minitar (1.1.0)
    minitest (6.0.0)
      prism (~> 1.5)
    msgpack (1.8.0)
    multi_json (1.18.0)
    mutex_m (0.3.0)
    net-http (0.9.1)
      uri (>= 0.11.1)
    net-imap (0.6.2)
      date
      net-protocol
    net-pop (0.1.2)
      net-protocol
    net-protocol (0.2.2)
      timeout
    net-scp (4.1.0)
      net-ssh (>= 2.6.5, < 8.0.0)
    net-sftp (4.0.0)
      net-ssh (>= 5.0.0, < 8.0.0)
    net-smtp (0.5.1)
      net-protocol
    net-ssh (7.3.0)
    nio4r (2.7.5)
    nokogiri (1.18.10-aarch64-linux-gnu)
      racc (~> 1.4)
    nokogiri (1.18.10-aarch64-linux-musl)
      racc (~> 1.4)
    nokogiri (1.18.10-arm-linux-gnu)
      racc (~> 1.4)
    nokogiri (1.18.10-arm-linux-musl)
      racc (~> 1.4)
    nokogiri (1.18.10-arm64-darwin)
      racc (~> 1.4)
    nokogiri (1.18.10-x86_64-linux-gnu)
      racc (~> 1.4)
    nokogiri (1.18.10-x86_64-linux-musl)
      racc (~> 1.4)
    okcomputer (1.19.1)
      benchmark
    orm_adapter (0.5.0)
    ostruct (0.6.3)
    parallel (1.27.0)
    parser (3.3.10.0)
      ast (~> 2.4.1)
      racc
    pg (1.6.2)
    pg (1.6.2-aarch64-linux)
    pg (1.6.2-aarch64-linux-musl)
    pg (1.6.2-arm64-darwin)
    pg (1.6.2-x86_64-linux)
    pg (1.6.2-x86_64-linux-musl)
    pp (0.6.3)
      prettyprint
    prettyprint (0.2.0)
    prism (1.7.0)
    propshaft (0.6.4)
      actionpack (>= 7.0.0)
      activesupport (>= 7.0.0)
      rack
      railties (>= 7.0.0)
    psych (5.3.1)
      date
      stringio
    public_suffix (7.0.0)
    puma (6.6.1)
      nio4r (~> 2.0)
    racc (1.8.1)
    rack (3.2.4)
    rack-attack (6.8.0)
      rack (>= 1.0, < 4)
    rack-session (2.1.1)
      base64 (>= 0.1.0)
      rack (>= 3.0.0)
    rack-test (2.2.0)
      rack (>= 1.3)
    rackup (2.3.1)
      rack (>= 3)
    rails (8.0.4)
      actioncable (= 8.0.4)
      actionmailbox (= 8.0.4)
      actionmailer (= 8.0.4)
      actionpack (= 8.0.4)
      actiontext (= 8.0.4)
      actionview (= 8.0.4)
      activejob (= 8.0.4)
      activemodel (= 8.0.4)
      activerecord (= 8.0.4)
      activestorage (= 8.0.4)
      activesupport (= 8.0.4)
      bundler (>= 1.15.0)
      railties (= 8.0.4)
    rails-dom-testing (2.3.0)
      activesupport (>= 5.0.0)
      minitest
      nokogiri (>= 1.6)
    rails-html-sanitizer (1.6.2)
      loofah (~> 2.21)
      nokogiri (>= 1.15.7, != 1.16.7, != 1.16.6, != 1.16.5, != 1.16.4, != 1.16.3, != 1.16.2, != 1.16.1, != 1.16.0.rc1, != 1.16.0)
    railties (8.0.4)
      actionpack (= 8.0.4)
      activesupport (= 8.0.4)
      irb (~> 1.13)
      rackup (>= 1.0.0)
      rake (>= 12.2)
      thor (~> 1.0, >= 1.2.2)
      tsort (>= 0.2)
      zeitwerk (~> 2.6)
    rainbow (3.1.1)
    rake (13.3.1)
    rdoc (7.0.1)
      erb
      psych (>= 4.0.0)
      tsort
    recaptcha (5.21.1)
    redis (5.4.1)
      redis-client (>= 0.22.0)
    redis-client (0.26.2)
      connection_pool
    regexp_parser (2.11.3)
    reline (0.6.3)
      io-console (~> 0.5)
    responders (3.2.0)
      actionpack (>= 7.0)
      railties (>= 7.0)
    retriable (3.1.2)
    rexml (3.4.4)
    rsolr (2.6.0)
      builder (>= 2.1.2)
      faraday (>= 0.9, < 3, != 2.0.0)
    rspec-core (3.13.6)
      rspec-support (~> 3.13.0)
    rspec-expectations (3.13.5)
      diff-lcs (>= 1.2.0, < 2.0)
      rspec-support (~> 3.13.0)
    rspec-mocks (3.13.7)
      diff-lcs (>= 1.2.0, < 2.0)
      rspec-support (~> 3.13.0)
    rspec-rails (7.1.1)
      actionpack (>= 7.0)
      activesupport (>= 7.0)
      railties (>= 7.0)
      rspec-core (~> 3.13)
      rspec-expectations (~> 3.13)
      rspec-mocks (~> 3.13)
      rspec-support (~> 3.13)
    rspec-support (3.13.6)
    rubocop (1.82.0)
      json (~> 2.3)
      language_server-protocol (~> 3.17.0.2)
      lint_roller (~> 1.1.0)
      parallel (~> 1.10)
      parser (>= 3.3.0.2)
      rainbow (>= 2.2.2, < 4.0)
      regexp_parser (>= 2.9.3, < 3.0)
      rubocop-ast (>= 1.48.0, < 2.0)
      ruby-progressbar (~> 1.7)
      unicode-display_width (>= 2.4.0, < 4.0)
    rubocop-ast (1.48.0)
      parser (>= 3.3.7.2)
      prism (~> 1.4)
    rubocop-capybara (2.22.1)
      lint_roller (~> 1.1)
      rubocop (~> 1.72, >= 1.72.1)
    rubocop-factory_bot (2.28.0)
      lint_roller (~> 1.1)
      rubocop (~> 1.72, >= 1.72.1)
    rubocop-rails (2.34.2)
      activesupport (>= 4.2.0)
      lint_roller (~> 1.1)
      rack (>= 1.1)
      rubocop (>= 1.75.0, < 2.0)
      rubocop-ast (>= 1.44.0, < 2.0)
    rubocop-rspec (2.31.0)
      rubocop (~> 1.40)
      rubocop-capybara (~> 2.17)
      rubocop-factory_bot (~> 2.22)
      rubocop-rspec_rails (~> 2.28)
    rubocop-rspec_rails (2.29.1)
      rubocop (~> 1.61)
    ruby-progressbar (1.13.0)
    rubyzip (3.2.2)
    securerandom (0.4.1)
    selenium-webdriver (4.39.0)
      base64 (~> 0.2)
      logger (~> 1.4)
      rexml (~> 3.2, >= 3.2.5)
      rubyzip (>= 1.2.2, < 4.0)
      websocket (~> 1.0)
    slop (4.10.1)
    solr_wrapper (4.3.0)
      faraday (>= 1.0, < 3)
      faraday-follow_redirects
      minitar
      ostruct
      retriable
      ruby-progressbar
    sqlite3 (2.8.1-aarch64-linux-gnu)
    sqlite3 (2.8.1-aarch64-linux-musl)
    sqlite3 (2.8.1-arm-linux-gnu)
    sqlite3 (2.8.1-arm-linux-musl)
    sqlite3 (2.8.1-arm64-darwin)
    sqlite3 (2.8.1-x86_64-linux-gnu)
    sqlite3 (2.8.1-x86_64-linux-musl)
    sshkit (1.25.0)
      base64
      logger
      net-scp (>= 1.1.2)
      net-sftp (>= 2.1.2)
      net-ssh (>= 2.8.0)
      ostruct
    stimulus-rails (1.3.4)
      railties (>= 6.0.0)
    stringio (3.2.0)
    thor (1.4.0)
    timeout (0.6.0)
    traject (3.8.3)
      concurrent-ruby (>= 0.8.0)
      csv
      dot-properties (>= 0.1.1)
      hashie (>= 3.1, < 6)
      http (>= 3.0, < 6)
      httpclient (~> 2.5)
      marc (~> 1.0)
      marc-fastxmlwriter (~> 1.0)
      mutex_m
      nokogiri (~> 1.9)
      slop (~> 4.0)
      yell
    traject_plus (2.0.1)
      activesupport
      csv
      deprecation
      jsonpath
      traject (~> 3.0)
    tsort (0.2.0)
    turbo-rails (2.0.20)
      actionpack (>= 7.1.0)
      railties (>= 7.1.0)
    tzinfo (2.0.6)
      concurrent-ruby (~> 1.0)
    unicode-display_width (3.2.0)
      unicode-emoji (~> 4.1)
    unicode-emoji (4.2.0)
    uri (1.1.1)
    useragent (0.16.11)
    view_component (4.1.1)
      actionview (>= 7.1.0, < 8.2)
      activesupport (>= 7.1.0, < 8.2)
      concurrent-ruby (~> 1)
    warden (1.2.9)
      rack (>= 2.0.9)
    web-console (4.2.1)
      actionview (>= 6.0.0)
      activemodel (>= 6.0.0)
      bindex (>= 0.4.0)
      railties (>= 6.0.0)
    webmock (3.26.1)
      addressable (>= 2.8.0)
      crack (>= 0.3.2)
      hashdiff (>= 0.4.0, < 2.0.0)
    websocket (1.2.11)
    websocket-driver (0.8.0)
      base64
      websocket-extensions (>= 0.1.0)
    websocket-extensions (0.1.5)
    xpath (3.2.0)
      nokogiri (~> 1.8)
    yell (2.2.2)
    zeitwerk (2.7.4)

PLATFORMS
  aarch64-linux
  aarch64-linux-gnu
  aarch64-linux-musl
  arm-linux-gnu
  arm-linux-musl
  arm64-darwin-23
  x86_64-linux
  x86_64-linux-gnu
  x86_64-linux-musl

DEPENDENCIES
  arclight (>= 1.1.3, < 2.0)
  blacklight (~> 8.2)
  blacklight_dynamic_sitemap
  bootsnap
  bot_challenge_page (~> 0.4.0)
  capistrano-passenger
  capistrano-rails
  capybara
  connection_pool (~> 2.5)
  cssbundling-rails (~> 1.1)
  debug
  devise (~> 4.8)
  devise-guests (~> 0.8)
  dlss-capistrano
  honeybadger (~> 5.0)
  importmap-rails
  jbuilder
  okcomputer (~> 1.18)
  pg (~> 1.4)
  propshaft (~> 0.6.4)
  puma (~> 6.0)
  rails (~> 8.0.2)
  recaptcha (~> 5.12)
  redis (>= 4.0.1)
  rsolr (>= 1.0, < 3)
  rspec-rails (~> 7.1)
  rubocop-rails (~> 2.16)
  rubocop-rspec (~> 2.13)
  selenium-webdriver
  solr_wrapper (>= 0.3)
  sqlite3 (~> 2.5)
  stimulus-rails
  turbo-rails
  tzinfo-data
  web-console
  webmock

CHECKSUMS
  actioncable (8.0.4) sha256=aadb2bf2977b666cfeaa7dee66fd50e147559f78a8d55f6169e913502475e09f
  actionmailbox (8.0.4) sha256=ed0b634a502fb63d1ba01ae025772e9d0261b7ba12e66389c736fcf4635cd80f
  actionmailer (8.0.4) sha256=3b9270d8e19f0afb534b11c52f439937dc30028adcbbae2b244f3383ce75de4b
  actionpack (8.0.4) sha256=0364c7582f32c8f404725fa30d3f6853f834c5f4964afd4a072b848c8a23cddb
  actiontext (8.0.4) sha256=40b3970268ac29b865685456b2586df5052d068fd0cb04acb2291e737cea2340
  actionview (8.0.4) sha256=5bd3c41ee7a59e14cf062bb5e4ee53c9a253d12fc13c8754cae368012e1a1648
  activejob (8.0.4) sha256=cbc8a85d0e168cb90a5629c8a36fe2d08ba840103d3aed3eee0c7beb784fccce
  activemodel (8.0.4) sha256=8f4e4fac3cd104b1bf30419c3745206f6f724c0e2902a939b4113f4c90730dfd
  activerecord (8.0.4) sha256=bda32c171799e5ca5460447d3b7272ed14447244e2497abf2107f87fc44cbf32
  activestorage (8.0.4) sha256=47f312962fc898c1669f20cf7448d19668a5547f4a5f64e59a837d9d3f64a043
  activesupport (8.0.4) sha256=894a3a6c7733b5fae5a7df3acd76c4b563f38687df8a04fa3cbd25360f3fe95a
  addressable (2.8.8) sha256=7c13b8f9536cf6364c03b9d417c19986019e28f7c00ac8132da4eb0fe393b057
  airbrussh (1.6.0) sha256=7e2cf581f2319d2c2b2b672c9fc486efb4dfcfed4bd2dadbef5f10b8b2a000d0
  arclight (1.6.2) sha256=a990fd84e91552d7027223ab4b9daa1bc0daa14d7ad4631f5ebcb1cba2d9ec16
  ast (2.4.3) sha256=954615157c1d6a382bc27d690d973195e79db7f55e9765ac7c481c60bdb4d383
  base64 (0.3.0) sha256=27337aeabad6ffae05c265c450490628ef3ebd4b67be58257393227588f5a97b
  bcrypt (3.1.20) sha256=8410f8c7b3ed54a3c00cd2456bf13917d695117f033218e2483b2e40b0784099
  bcrypt_pbkdf (1.1.2) sha256=c2414c23ce66869b3eb9f643d6a3374d8322dfb5078125c82792304c10b94cf6
  benchmark (0.5.0) sha256=465df122341aedcb81a2a24b4d3bd19b6c67c1530713fd533f3ff034e419236c
  bigdecimal (4.0.1) sha256=8b07d3d065a9f921c80ceaea7c9d4ae596697295b584c296fe599dd0ad01c4a7
  bindex (0.8.1) sha256=7b1ecc9dc539ed8bccfc8cb4d2732046227b09d6f37582ff12e50a5047ceb17e
  blacklight (8.12.3) sha256=7ff56bad2ae768653d5646593c8f3e8ea903aea7084cc3c20fd51282da95230f
  blacklight_dynamic_sitemap (1.0.0) sha256=ebf43b006a87193a74c0f745df9571403fa988c1b342ae1c0b7c394b398bf613
  bootsnap (1.19.0) sha256=d3e54558c1a9ea10cb095eb1eb8e921ae83fd4d5764b8809f63aec18ce9f60b5
  bot_challenge_page (0.4.0) sha256=98eb43d27e3e315a4345494a05c7b64d2dbfd16b6026fac0dc3f8932ceac7d63
  builder (3.3.0) sha256=497918d2f9dca528fdca4b88d84e4ef4387256d984b8154e9d5d3fe5a9c8835f
  capistrano (3.20.0) sha256=0113e58dda99add0342e56a244f664734c59f442c5ed734f5303b0b559b479c9
  capistrano-bundler (2.2.0) sha256=47b4cf2ea17ea132bb0a5cabc5663443f5190a54f4da5b322d04e1558ff1468c
  capistrano-one_time_key (0.2.0) sha256=88630a99de2113befd9885242cc8b3bc58536f4e06507363cc3ee064080a0375
  capistrano-passenger (0.2.1) sha256=07a1d25edd5c1d909c19d4fe45fe2ea5f11200569f6967f6bff1d605ade98e13
  capistrano-rails (1.7.0) sha256=aca57455e8c5435785e0f938e16aa5b79c263694a755e1dca1c5d1743b40aae7
  capistrano-shared_configs (0.2.2) sha256=905d1c51f0be6efd8ddb262aea7fae32c62d947297ff6b83f5cbccac3b138b36
  capybara (3.40.0) sha256=42dba720578ea1ca65fd7a41d163dd368502c191804558f6e0f71b391054aeef
  concurrent-ruby (1.3.6) sha256=6b56837e1e7e5292f9864f34b69c5a2cbc75c0cf5338f1ce9903d10fa762d5ab
  connection_pool (2.5.5) sha256=e54ff92855753df1fd7c59fa04a398833355f27dd14c074f8c83a05f72a716ad
  crack (1.0.1) sha256=ff4a10390cd31d66440b7524eb1841874db86201d5b70032028553130b6d4c7e
  crass (1.0.6) sha256=dc516022a56e7b3b156099abc81b6d2b08ea1ed12676ac7a5657617f012bd45d
  cssbundling-rails (1.4.3) sha256=53aecd5a7d24ac9c8fcd92975acd0e830fead4ee4583d3d3d49bb64651946e41
  csv (3.3.5) sha256=6e5134ac3383ef728b7f02725d9872934f523cb40b961479f69cf3afa6c8e73f
  date (3.5.1) sha256=750d06384d7b9c15d562c76291407d89e368dda4d4fff957eb94962d325a0dc0
  debug (1.11.1) sha256=2e0b0ac6119f2207a6f8ac7d4a73ca8eb4e440f64da0a3136c30343146e952b6
  deprecation (1.1.0) sha256=01707cea9a6ed2d7270377457941f43394a345e6dd8048e1be6d18ff2f2a01e1
  devise (4.9.4) sha256=920042fe5e704c548aa4eb65ebdd65980b83ffae67feb32c697206bfd975a7f8
  devise-guests (0.8.3) sha256=3df086c2adad4ad66661020483c16de142a487eddf2672834a7345269b7f9fa4
  diff-lcs (1.6.2) sha256=9ae0d2cba7d4df3075fe8cd8602a8604993efc0dfa934cff568969efb1909962
  dlss-capistrano (6.0.0) sha256=e8fd04cbc51c5ecf9acb030cdbc529351931b01f21f44eac44756e53e712a30a
  domain_name (0.6.20240107) sha256=5f693b2215708476517479bf2b3802e49068ad82167bcd2286f899536a17d933
  dot-properties (0.1.4) sha256=c41f5681d53e946ed5a2afa45bfd2dc8a4475980f62eba069ca83aaba2637004
  drb (2.2.3) sha256=0b00d6fdb50995fe4a45dea13663493c841112e4068656854646f418fda13373
  ed25519 (1.4.0) sha256=16e97f5198689a154247169f3453ef4cfd3f7a47481fde0ae33206cdfdcac506
  erb (6.0.1) sha256=28ecdd99c5472aebd5674d6061e3c6b0a45c049578b071e5a52c2a7f13c197e5
  erubi (1.13.1) sha256=a082103b0885dbc5ecf1172fede897f9ebdb745a4b97a5e8dc63953db1ee4ad9
  faraday (2.14.0) sha256=8699cfe5d97e55268f2596f9a9d5a43736808a943714e3d9a53e6110593941cd
  faraday-follow_redirects (0.4.0) sha256=d3fa1118ab1350e24035a272b4cff64948643bb7182846db89acaf87abadd5d9
  faraday-net_http (3.4.2) sha256=f147758260d3526939bf57ecf911682f94926a3666502e24c69992765875906c
  ffi (1.17.2-aarch64-linux-gnu) sha256=c910bd3cae70b76690418cce4572b7f6c208d271f323d692a067d59116211a1a
  ffi (1.17.2-aarch64-linux-musl) sha256=69e6556b091d45df83e6c3b19d3c54177c206910965155a6ec98de5e893c7b7c
  ffi (1.17.2-arm-linux-gnu) sha256=d4a438f2b40224ae42ec72f293b3ebe0ba2159f7d1bd47f8417e6af2f68dbaa5
  ffi (1.17.2-arm-linux-musl) sha256=977dfb7f3a6381206dbda9bc441d9e1f9366bf189a634559c3b7c182c497aaa3
  ffi (1.17.2-arm64-darwin) sha256=54dd9789be1d30157782b8de42d8f887a3c3c345293b57ffb6b45b4d1165f813
  ffi (1.17.2-x86_64-linux-gnu) sha256=05d2026fc9dbb7cfd21a5934559f16293815b7ce0314846fee2ac8efbdb823ea
  ffi (1.17.2-x86_64-linux-musl) sha256=97c0eb3981414309285a64dc4d466bd149e981c279a56371ef811395d68cb95c
  ffi-compiler (1.3.2) sha256=a94f3d81d12caf5c5d4ecf13980a70d0aeaa72268f3b9cc13358bcc6509184a0
  globalid (1.3.0) sha256=05c639ad6eb4594522a0b07983022f04aa7254626ab69445a0e493aa3786ff11
  gretel (5.1.0) sha256=7324d255dca34b8997cba2d207f29c11b9cdbd4e72bd5d6392cf67da46b9cdaf
  hashdiff (1.2.1) sha256=9c079dbc513dfc8833ab59c0c2d8f230fa28499cc5efb4b8dd276cf931457cd1
  hashie (5.0.0) sha256=9d6c4e51f2a36d4616cbc8a322d619a162d8f42815a792596039fc95595603da
  honeybadger (5.29.1) sha256=e90cbdc9938d8d7c43dea877af295a4089c4558c81047e1fcc371ac5e5fde9c3
  http (5.3.1) sha256=c50802d8e9be3926cb84ac3b36d1a31fbbac383bc4cbecdce9053cb604231d7d
  http-cookie (1.1.0) sha256=38a5e60d1527eebc396831b8c4b9455440509881219273a6c99943d29eadbb19
  http-form_data (2.3.0) sha256=cc4eeb1361d9876821e31d7b1cf0b68f1cf874b201d27903480479d86448a5f3
  httpclient (2.9.0) sha256=4b645958e494b2f86c2f8a2f304c959baa273a310e77a2931ddb986d83e498c8
  i18n (1.14.8) sha256=285778639134865c5e0f6269e0b818256017e8cde89993fdfcbfb64d088824a5
  importmap-rails (2.2.2) sha256=729f5b1092f832780829ade1d0b46c7e53d91c556f06da7254da2977e93fe614
  io-console (0.8.2) sha256=d6e3ae7a7cc7574f4b8893b4fca2162e57a825b223a177b7afa236c5ef9814cc
  irb (1.16.0) sha256=2abe56c9ac947cdcb2f150572904ba798c1e93c890c256f8429981a7675b0806
  jbuilder (2.14.1) sha256=4eb26376ff60ef100cb4fd6fd7533cd271f9998327e86adf20fd8c0e69fabb42
  json (2.18.0) sha256=b10506aee4183f5cf49e0efc48073d7b75843ce3782c68dbeb763351c08fd505
  jsonpath (1.1.5) sha256=29f70467193a2dc93ab864ec3d3326d54267961acc623f487340eb9c34931dbe
  kaminari (1.2.2) sha256=c4076ff9adccc6109408333f87b5c4abbda5e39dc464bd4c66d06d9f73442a3e
  kaminari-actionview (1.2.2) sha256=1330f6fc8b59a4a4ef6a549ff8a224797289ebf7a3a503e8c1652535287cc909
  kaminari-activerecord (1.2.2) sha256=0dd3a67bab356a356f36b3b7236bcb81cef313095365befe8e98057dd2472430
  kaminari-core (1.2.2) sha256=3bd26fec7370645af40ca73b9426a448d09b8a8ba7afa9ba3c3e0d39cdbb83ff
  language_server-protocol (3.17.0.5) sha256=fd1e39a51a28bf3eec959379985a72e296e9f9acfce46f6a79d31ca8760803cc
  lint_roller (1.1.0) sha256=2c0c845b632a7d172cb849cc90c1bce937a28c5c8ccccb50dfd46a485003cc87
  llhttp-ffi (0.5.1) sha256=9a25a7fc19311f691a78c9c0ac0fbf4675adbd0cca74310228fdf841018fa7bc
  logger (1.7.0) sha256=196edec7cc44b66cfb40f9755ce11b392f21f7967696af15d274dde7edff0203
  loofah (2.25.0) sha256=df5ed7ac3bac6a4ec802df3877ee5cc86d027299f8952e6243b3dac446b060e6
  mail (2.9.0) sha256=6fa6673ecd71c60c2d996260f9ee3dd387d4673b8169b502134659ece6d34941
  marc (1.3.0) sha256=de3ca7d8c80c932c25d8a6aa8cfb7eda24451f028c49baecc7dedbc7589b6c12
  marc-fastxmlwriter (1.1.0) sha256=b696f5688a5b2fa48ea299d6aa5f00f161925576b08f38871ea384ebc6a7fe25
  marcel (1.1.0) sha256=fdcfcfa33cc52e93c4308d40e4090a5d4ea279e160a7f6af988260fa970e0bee
  matrix (0.4.3) sha256=a0d5ab7ddcc1973ff690ab361b67f359acbb16958d1dc072b8b956a286564c5b
  mini_mime (1.1.5) sha256=8681b7e2e4215f2a159f9400b5816d85e9d8c6c6b491e96a12797e798f8bccef
  minitar (1.1.0) sha256=38db0cfb6f3801017946cdcd8dc53f2cf3fd41ff752892312bf9a1639c9ea23e
  minitest (6.0.0) sha256=4ca597fc1d735ea18d2b4b98c5fb1d5a6da4a6f35ddf32bd5fa3eded33a453be
  msgpack (1.8.0) sha256=e64ce0212000d016809f5048b48eb3a65ffb169db22238fb4b72472fecb2d732
  multi_json (1.18.0) sha256=23f70cf73e2895a33e6d10f0ec955b28ef5627ca4bbad0f292e7d16f4675596f
  mutex_m (0.3.0) sha256=cfcb04ac16b69c4813777022fdceda24e9f798e48092a2b817eb4c0a782b0751
  net-http (0.9.1) sha256=25ba0b67c63e89df626ed8fac771d0ad24ad151a858af2cc8e6a716ca4336996
  net-imap (0.6.2) sha256=08caacad486853c61676cca0c0c47df93db02abc4a8239a8b67eb0981428acc6
  net-pop (0.1.2) sha256=848b4e982013c15b2f0382792268763b748cce91c9e91e36b0f27ed26420dff3
  net-protocol (0.2.2) sha256=aa73e0cba6a125369de9837b8d8ef82a61849360eba0521900e2c3713aa162a8
  net-scp (4.1.0) sha256=a99b0b92a1e5d360b0de4ffbf2dc0c91531502d3d4f56c28b0139a7c093d1a5d
  net-sftp (4.0.0) sha256=65bb91c859c2f93b09826757af11b69af931a3a9155050f50d1b06d384526364
  net-smtp (0.5.1) sha256=ed96a0af63c524fceb4b29b0d352195c30d82dd916a42f03c62a3a70e5b70736
  net-ssh (7.3.0) sha256=172076c4b30ce56fb25a03961b0c4da14e1246426401b0f89cba1a3b54bf3ef0
  nio4r (2.7.5) sha256=6c90168e48fb5f8e768419c93abb94ba2b892a1d0602cb06eef16d8b7df1dca1
  nokogiri (1.18.10-aarch64-linux-gnu) sha256=7fb87235d729c74a2be635376d82b1d459230cc17c50300f8e4fcaabc6195344
  nokogiri (1.18.10-aarch64-linux-musl) sha256=7e74e58314297cc8a8f1b533f7212d1999dbe2639a9ee6d97b483ea2acc18944
  nokogiri (1.18.10-arm-linux-gnu) sha256=51f4f25ab5d5ba1012d6b16aad96b840a10b067b93f35af6a55a2c104a7ee322
  nokogiri (1.18.10-arm-linux-musl) sha256=1c6ea754e51cecc85c30ee8ab1e6aa4ce6b6e134d01717e9290e79374a9e00aa
  nokogiri (1.18.10-arm64-darwin) sha256=c2b0de30770f50b92c9323fa34a4e1cf5a0af322afcacd239cd66ee1c1b22c85
  nokogiri (1.18.10-x86_64-linux-gnu) sha256=ff5ba26ba2dbce5c04b9ea200777fd225061d7a3930548806f31db907e500f72
  nokogiri (1.18.10-x86_64-linux-musl) sha256=0651fccf8c2ebbc2475c8b1dfd7ccac3a0a6d09f8a41b72db8c21808cb483385
  okcomputer (1.19.1) sha256=7df770e768434816d228407f0786563827cbf34cb379933578829720cb4f1e77
  orm_adapter (0.5.0) sha256=aa5d0be5d540cbb46d3a93e88061f4ece6a25f6e97d6a47122beb84fe595e9b9
  ostruct (0.6.3) sha256=95a2ed4a4bd1d190784e666b47b2d3f078e4a9efda2fccf18f84ddc6538ed912
  parallel (1.27.0) sha256=4ac151e1806b755fb4e2dc2332cbf0e54f2e24ba821ff2d3dcf86bf6dc4ae130
  parser (3.3.10.0) sha256=ce3587fa5cc55a88c4ba5b2b37621b3329aadf5728f9eafa36bbd121462aabd6
  pg (1.6.2) sha256=58614afd405cc9c2c9e15bffe8432e0d6cfc58b722344ad4a47c73a85189c875
  pg (1.6.2-aarch64-linux) sha256=0503c6be5b0ca5ca3aaf91f2ed638f90843313cb81e8e7d7b60ad4bb62c3d131
  pg (1.6.2-aarch64-linux-musl) sha256=c4402447c56279bea80472770522e95c8a2ff49b7f3e534d0cdb01eb27fd6eb8
  pg (1.6.2-arm64-darwin) sha256=4d44500b28d5193b26674583d199a6484f80f1f2ea9cf54f7d7d06a1b7e316b6
  pg (1.6.2-x86_64-linux) sha256=525f438137f2d1411a1ebcc4208ec35cb526b5a3b285a629355c73208506a8ea
  pg (1.6.2-x86_64-linux-musl) sha256=e5c8668ffeaf7a9c3458a3dcb002dffa6d8ee1fca9ae534ffef861d2b15644ca
  pp (0.6.3) sha256=2951d514450b93ccfeb1df7d021cae0da16e0a7f95ee1e2273719669d0ab9df6
  prettyprint (0.2.0) sha256=2bc9e15581a94742064a3cc8b0fb9d45aae3d03a1baa6ef80922627a0766f193
  prism (1.7.0) sha256=10062f734bf7985c8424c44fac382ac04a58124ea3d220ec3ba9fe4f2da65103
  propshaft (0.6.4) sha256=45f36ea8ca3ab3221d0b0389ff70ea5cb574937610708b3ec5d03960c092e05d
  psych (5.3.1) sha256=eb7a57cef10c9d70173ff74e739d843ac3b2c019a003de48447b2963d81b1974
  public_suffix (7.0.0) sha256=f7090b5beb0e56f9f10d79eed4d5fbe551b3b425da65877e075dad47a6a1b095
  puma (6.6.1) sha256=b9b56e4a4ea75d1bfa6d9e1972ee2c9f43d0883f011826d914e8e37b3694ea1e
  racc (1.8.1) sha256=4a7f6929691dbec8b5209a0b373bc2614882b55fc5d2e447a21aaa691303d62f
  rack (3.2.4) sha256=5d74b6f75082a643f43c1e76b419c40f0e5527fcfee1e669ac1e6b73c0ccb6f6
  rack-attack (6.8.0) sha256=f2499fdebf85bcc05573a22dff57d24305ac14ec2e4156cd3c28d47cafeeecf2
  rack-session (2.1.1) sha256=0b6dc07dea7e4b583f58a48e8b806d4c9f1c6c9214ebc202ec94562cbea2e4e9
  rack-test (2.2.0) sha256=005a36692c306ac0b4a9350355ee080fd09ddef1148a5f8b2ac636c720f5c463
  rackup (2.3.1) sha256=6c79c26753778e90983761d677a48937ee3192b3ffef6bc963c0950f94688868
  rails (8.0.4) sha256=364494a32d2dc3f9d5c135d036ce47e7776684bc6add73f1037ac2b1007962db
  rails-dom-testing (2.3.0) sha256=8acc7953a7b911ca44588bf08737bc16719f431a1cc3091a292bca7317925c1d
  rails-html-sanitizer (1.6.2) sha256=35fce2ca8242da8775c83b6ba9c1bcaad6751d9eb73c1abaa8403475ab89a560
  railties (8.0.4) sha256=8203d853dcffab4abcdd05c193f101676a92068075464694790f6d8f72d5cb47
  rainbow (3.1.1) sha256=039491aa3a89f42efa1d6dec2fc4e62ede96eb6acd95e52f1ad581182b79bc6a
  rake (13.3.1) sha256=8c9e89d09f66a26a01264e7e3480ec0607f0c497a861ef16063604b1b08eb19c
  rdoc (7.0.1) sha256=7ae1540c54eb8174f6549440dd2299276eac51deaa7d80ea7db9ea5b96559f53
  recaptcha (5.21.1) sha256=e003e9ceba9b993a9f0c6a828c192f2d46693cd2aa0b0beae94f936649507adb
  redis (5.4.1) sha256=b5e675b57ad22b15c9bcc765d5ac26f60b675408af916d31527af9bd5a81faae
  redis-client (0.26.2) sha256=1336fb5a7202d398b719531853c184b7c9cbdcace1f00f8356062b9dfba6779b
  regexp_parser (2.11.3) sha256=ca13f381a173b7a93450e53459075c9b76a10433caadcb2f1180f2c741fc55a4
  reline (0.6.3) sha256=1198b04973565b36ec0f11542ab3f5cfeeec34823f4e54cebde90968092b1835
  responders (3.2.0) sha256=89c2d6ac0ae16f6458a11524cae4a8efdceba1a3baea164d28ee9046bd3df55a
  retriable (3.1.2) sha256=0a5a5d0ca4ba61a76fb31a17ab8f7f80281beb040c329d34dfc137a1398688e0
  rexml (3.4.4) sha256=19e0a2c3425dfbf2d4fc1189747bdb2f849b6c5e74180401b15734bc97b5d142
  rsolr (2.6.0) sha256=4b3bcea772cac300562775c20eeddedf63a6b7516a070cb6fbde000b09cfe12b
  rspec-core (3.13.6) sha256=a8823c6411667b60a8bca135364351dda34cd55e44ff94c4be4633b37d828b2d
  rspec-expectations (3.13.5) sha256=33a4d3a1d95060aea4c94e9f237030a8f9eae5615e9bd85718fe3a09e4b58836
  rspec-mocks (3.13.7) sha256=0979034e64b1d7a838aaaddf12bf065ea4dc40ef3d4c39f01f93ae2c66c62b1c
  rspec-rails (7.1.1) sha256=e15dccabed211e2fd92f21330c819adcbeb1591c1d66c580d8f2d8288557e331
  rspec-support (3.13.6) sha256=2e8de3702427eab064c9352fe74488cc12a1bfae887ad8b91cba480ec9f8afb2
  rubocop (1.82.0) sha256=237b7dc24952d7ec469a9593c7a5283315515e2e7dc24ac91532819c254fc4ec
  rubocop-ast (1.48.0) sha256=22df9bbf3f7a6eccde0fad54e68547ae1e2a704bf8719e7c83813a99c05d2e76
  rubocop-capybara (2.22.1) sha256=ced88caef23efea53f46e098ff352f8fc1068c649606ca75cb74650970f51c0c
  rubocop-factory_bot (2.28.0) sha256=4b17fc02124444173317e131759d195b0d762844a71a29fe8139c1105d92f0cb
  rubocop-rails (2.34.2) sha256=10ff246ee48b25ffeabddc5fee86d159d690bb3c7b9105755a9c7508a11d6e22
  rubocop-rspec (2.31.0) sha256=2bae19388d78e1ceace44cd95fd34f3209f4ef20cac1b168d0a1325cbba3d672
  rubocop-rspec_rails (2.29.1) sha256=4ae95abbe9ca5a9b6d8be14e50d230fb5b6ba033b05d4c0981b5b76fc44988e4
  ruby-progressbar (1.13.0) sha256=80fc9c47a9b640d6834e0dc7b3c94c9df37f08cb072b7761e4a71e22cff29b33
  rubyzip (3.2.2) sha256=c0ed99385f0625415c8f05bcae33fe649ed2952894a95ff8b08f26ca57ea5b3c
  securerandom (0.4.1) sha256=cc5193d414a4341b6e225f0cb4446aceca8e50d5e1888743fac16987638ea0b1
  selenium-webdriver (4.39.0) sha256=984a1e63d39472eaf286bac3c6f1822fa7eea6eed9c07a66ce7b3bc5417ba826
  slop (4.10.1) sha256=844322b5ffcf17ed4815fdb173b04a20dd82b4fd93e3744c88c8fafea696d9c7
  solr_wrapper (4.3.0) sha256=8d1357e270a27be89310dd0949bf6d2478ee3712006cc2e4f31a38b9b3e665f7
  sqlite3 (2.8.1-aarch64-linux-gnu) sha256=9bce166d3e3595a42fc92c28d986ea11d499b55be8bd1cd491be04af30029543
  sqlite3 (2.8.1-aarch64-linux-musl) sha256=34912f6acf3e9c43c7998c6f99ba3146708e654cf9716b2983e260315cdeed72
  sqlite3 (2.8.1-arm-linux-gnu) sha256=9118d6abb5ca7ea4f1b50a6c42c763e612670f5eb673bbdf12e8d3bd63339bde
  sqlite3 (2.8.1-arm-linux-musl) sha256=48a50815521f812713310190589a8ae196fa48b70b62b72f5766bafebae77e33
  sqlite3 (2.8.1-arm64-darwin) sha256=3cb617640577ec9c1b7c09744d1e368ad3d3851c2494540f5f007387da943477
  sqlite3 (2.8.1-x86_64-linux-gnu) sha256=878f4a0c5c2c4d9d4345afe2a142a87805f388a24aa8a3c2dfe2f964d7686b7a
  sqlite3 (2.8.1-x86_64-linux-musl) sha256=0c191ddfd71437b439e107a0d148630bef29a1eebd7b28bcc931470c328f657d
  sshkit (1.25.0) sha256=c8c6543cdb60f91f1d277306d585dd11b6a064cb44eab0972827e4311ff96744
  stimulus-rails (1.3.4) sha256=765676ffa1f33af64ce026d26b48e8ffb2e0b94e0f50e9119e11d6107d67cb06
  stringio (3.2.0) sha256=c37cb2e58b4ffbd33fe5cd948c05934af997b36e0b6ca6fdf43afa234cf222e1
  thor (1.4.0) sha256=8763e822ccb0f1d7bee88cde131b19a65606657b847cc7b7b4b82e772bcd8a3d
  timeout (0.6.0) sha256=6d722ad619f96ee383a0c557ec6eb8c4ecb08af3af62098a0be5057bf00de1af
  traject (3.8.3) sha256=db615df38e28af4b9780bbba52b365ec38d211108eaa942d4f490d7134e13585
  traject_plus (2.0.1) sha256=442e9e9ad4bbbfa22214a71e7d5ac80a99778de3805d539ee57b141846c19084
  tsort (0.2.0) sha256=9650a793f6859a43b6641671278f79cfead60ac714148aabe4e3f0060480089f
  turbo-rails (2.0.20) sha256=cbcbb4dd3ce59f6471c9f911b1655b2c721998cc8303959d982da347f374ea95
  tzinfo (2.0.6) sha256=8daf828cc77bcf7d63b0e3bdb6caa47e2272dcfaf4fbfe46f8c3a9df087a829b
  unicode-display_width (3.2.0) sha256=0cdd96b5681a5949cdbc2c55e7b420facae74c4aaf9a9815eee1087cb1853c42
  unicode-emoji (4.2.0) sha256=519e69150f75652e40bf736106cfbc8f0f73aa3fb6a65afe62fefa7f80b0f80f
  uri (1.1.1) sha256=379fa58d27ffb1387eaada68c749d1426738bd0f654d812fcc07e7568f5c57c6
  useragent (0.16.11) sha256=700e6413ad4bb954bb63547fa098dddf7b0ebe75b40cc6f93b8d54255b173844
  view_component (4.1.1) sha256=179f63b0db1d1a8f6af635dd684456b2bcdf6b6f4da2ef276bbe0579c17b377e
  warden (1.2.9) sha256=46684f885d35a69dbb883deabf85a222c8e427a957804719e143005df7a1efd0
  web-console (4.2.1) sha256=e7bcf37a10ea2b4ec4281649d1cee461b32232d0a447e82c786e6841fd22fe20
  webmock (3.26.1) sha256=4f696fb57c90a827c20aadb2d4f9058bbff10f7f043bd0d4c3f58791143b1cd7
  websocket (1.2.11) sha256=b7e7a74e2410b5e85c25858b26b3322f29161e300935f70a0e0d3c35e0462737
  websocket-driver (0.8.0) sha256=ed0dba4b943c22f17f9a734817e808bc84cdce6a7e22045f5315aa57676d4962
  websocket-extensions (0.1.5) sha256=1c6ba63092cda343eb53fc657110c71c754c56484aad42578495227d717a8241
  xpath (3.2.0) sha256=6dfda79d91bb3b949b947ecc5919f042ef2f399b904013eb3ef6d20dd3a4082e
  yell (2.2.2) sha256=1d166f3cc3b6dc49a59778ea7156ed6d8de794c15106d48ffd6cbb061b9b26bc
  zeitwerk (2.7.4) sha256=2bef90f356bdafe9a6c2bd32bcd804f83a4f9b8bc27f3600fff051eb3edcec8b

BUNDLED WITH
  4.0.2
